
Microsoft Visual Studio Solution File, Format Version 10.00
# Visual Studio 2008
Project("{FAE04EC0-301F-11D3-BF4B-00C04F79EFBC}") = "MdgExample.Models", "MdgExample.Models\MdgExample.Models.csproj", "{AFD08461-2B86-4A8D-B088-2B357BE94F3A}"
EndProject
Project("{2150E333-8FDC-42A3-9474-1A3956D46DE8}") = "Solution Items", "Solution Items", "{763B9EA6-190D-4EDA-AC99-CA74D2A7117E}"
	ProjectSection(SolutionItems) = preProject
		MdgExample.eap = MdgExample.eap
	EndProjectSection
EndProject
Global
	GlobalSection(SolutionConfigurationPlatforms) = preSolution
		Debug|Any CPU = Debug|Any CPU
		Release|Any CPU = Release|Any CPU
	EndGlobalSection
	GlobalSection(ProjectConfigurationPlatforms) = postSolution
		{AFD08461-2B86-4A8D-B088-2B357BE94F3A}.Debug|Any CPU.ActiveCfg = Debug|Any CPU
		{AFD08461-2B86-4A8D-B088-2B357BE94F3A}.Debug|Any CPU.Build.0 = Debug|Any CPU
		{AFD08461-2B86-4A8D-B088-2B357BE94F3A}.Release|Any CPU.ActiveCfg = Release|Any CPU
		{AFD08461-2B86-4A8D-B088-2B357BE94F3A}.Release|Any CPU.Build.0 = Release|Any CPU
	EndGlobalSection
	GlobalSection(SolutionProperties) = preSolution
		HideSolutionNode = FALSE
	EndGlobalSection
EndGlobal
