
Microsoft Visual Studio Solution File, Format Version 10.00
# Visual Studio 2008
Project("{FAE04EC0-301F-11D3-BF4B-00C04F79EFBC}") = "BooDslExampleApp.Console", "BooDslExampleApp.Console\BooDslExampleApp.Console.csproj", "{C30AA6FC-45C8-4A80-9B1E-7F7FAADEA278}"
EndProject
Project("{FAE04EC0-301F-11D3-BF4B-00C04F79EFBC}") = "ICSharpCode.AvalonEdit", "ICSharpCode.AvalonEdit\ICSharpCode.AvalonEdit.csproj", "{6C55B776-26D4-4DB3-A6AB-87E783B2F3D1}"
EndProject
Project("{FAE04EC0-301F-11D3-BF4B-00C04F79EFBC}") = "ExampleEditor", "ExampleEditor\ExampleEditor.csproj", "{F9035551-6A84-4D7A-8FB2-5A67651A01D1}"
EndProject
Global
	GlobalSection(SolutionConfigurationPlatforms) = preSolution
		Debug|Any CPU = Debug|Any CPU
		Release|Any CPU = Release|Any CPU
	EndGlobalSection
	GlobalSection(ProjectConfigurationPlatforms) = postSolution
		{C30AA6FC-45C8-4A80-9B1E-7F7FAADEA278}.Debug|Any CPU.ActiveCfg = Debug|Any CPU
		{C30AA6FC-45C8-4A80-9B1E-7F7FAADEA278}.Debug|Any CPU.Build.0 = Debug|Any CPU
		{C30AA6FC-45C8-4A80-9B1E-7F7FAADEA278}.Release|Any CPU.ActiveCfg = Release|Any CPU
		{C30AA6FC-45C8-4A80-9B1E-7F7FAADEA278}.Release|Any CPU.Build.0 = Release|Any CPU
		{6C55B776-26D4-4DB3-A6AB-87E783B2F3D1}.Debug|Any CPU.ActiveCfg = Debug|Any CPU
		{6C55B776-26D4-4DB3-A6AB-87E783B2F3D1}.Debug|Any CPU.Build.0 = Debug|Any CPU
		{6C55B776-26D4-4DB3-A6AB-87E783B2F3D1}.Release|Any CPU.ActiveCfg = Release|Any CPU
		{6C55B776-26D4-4DB3-A6AB-87E783B2F3D1}.Release|Any CPU.Build.0 = Release|Any CPU
		{F9035551-6A84-4D7A-8FB2-5A67651A01D1}.Debug|Any CPU.ActiveCfg = Debug|Any CPU
		{F9035551-6A84-4D7A-8FB2-5A67651A01D1}.Debug|Any CPU.Build.0 = Debug|Any CPU
		{F9035551-6A84-4D7A-8FB2-5A67651A01D1}.Release|Any CPU.ActiveCfg = Release|Any CPU
		{F9035551-6A84-4D7A-8FB2-5A67651A01D1}.Release|Any CPU.Build.0 = Release|Any CPU
	EndGlobalSection
	GlobalSection(SolutionProperties) = preSolution
		HideSolutionNode = FALSE
	EndGlobalSection
EndGlobal
